[root]
name = "rst_app"
version = "0.2.9"
dependencies = [
 "ansi_term 0.7.5 (registry+https://github.com/rust-lang/crates.io-index)",
 "clap 2.19.0 (registry+https://github.com/rust-lang/crates.io-index)",
 "fern 0.3.5 (registry+https://github.com/rust-lang/crates.io-index)",
 "itertools 0.4.19 (registry+https://github.com/rust-lang/crates.io-index)",
 "jsonrpc-core 4.0.0 (registry+https://github.com/rust-lang/crates.io-index)",
 "lazy_static 0.1.16 (registry+https://github.com/rust-lang/crates.io-index)",
 "log 0.3.6 (registry+https://github.com/rust-lang/crates.io-index)",
 "nickel 0.9.0 (registry+https://github.com/rust-lang/crates.io-index)",
 "regex 0.1.80 (registry+https://github.com/rust-lang/crates.io-index)",
 "rustc-serialize 0.3.21 (registry+https://github.com/rust-lang/crates.io-index)",
 "serde 0.8.19 (registry+https://github.com/rust-lang/crates.io-index)",
 "serde_codegen 0.8.19 (registry+https://github.com/rust-lang/crates.io-index)",
 "serde_derive 0.8.19 (registry+https://github.com/rust-lang/crates.io-index)",
 "serde_json 0.8.3 (registry+https://github.com/rust-lang/crates.io-index)",
 "strfmt 0.1.5 (registry+https://github.com/rust-lang/crates.io-index)",
 "time 0.1.35 (registry+https://github.com/rust-lang/crates.io-index)",
 "toml 0.2.1 (registry+https://github.com/rust-lang/crates.io-index)",
]

[[package]]
name = "aho-corasick"
version = "0.5.3"
source = "registry+https://github.com/rust-lang/crates.io-index"
dependencies = [
 "memchr 0.1.11 (registry+https://github.com/rust-lang/crates.io-index)",
]

[[package]]
name = "ansi_term"
version = "0.7.5"
source = "registry+https://github.com/rust-lang/crates.io-index"

[[package]]
name = "ansi_term"
version = "0.9.0"
source = "registry+https://github.com/rust-lang/crates.io-index"

[[package]]
name = "bitflags"
version = "0.7.0"
source = "registry+https://github.com/rust-lang/crates.io-index"

[[package]]
name = "clap"
version = "2.19.0"
source = "registry+https://github.com/rust-lang/crates.io-index"
dependencies = [
 "ansi_term 0.9.0 (registry+https://github.com/rust-lang/crates.io-index)",
 "bitflags 0.7.0 (registry+https://github.com/rust-lang/crates.io-index)",
 "libc 0.2.17 (registry+https://github.com/rust-lang/crates.io-index)",
 "strsim 0.5.2 (registry+https://github.com/rust-lang/crates.io-index)",
 "unicode-segmentation 0.1.2 (registry+https://github.com/rust-lang/crates.io-index)",
 "unicode-width 0.1.3 (registry+https://github.com/rust-lang/crates.io-index)",
 "vec_map 0.6.0 (registry+https://github.com/rust-lang/crates.io-index)",
]

[[package]]
name = "cookie"
version = "0.2.5"
source = "registry+https://github.com/rust-lang/crates.io-index"
dependencies = [
 "time 0.1.35 (registry+https://github.com/rust-lang/crates.io-index)",
 "url 1.2.3 (registry+https://github.com/rust-lang/crates.io-index)",
]

[[package]]
name = "dtoa"
version = "0.2.2"
source = "registry+https://github.com/rust-lang/crates.io-index"

[[package]]
name = "fern"
version = "0.3.5"
source = "registry+https://github.com/rust-lang/crates.io-index"
dependencies = [
 "log 0.3.6 (registry+https://github.com/rust-lang/crates.io-index)",
]

[[package]]
name = "groupable"
version = "0.2.0"
source = "registry+https://github.com/rust-lang/crates.io-index"

[[package]]
name = "hpack"
version = "0.2.0"
source = "registry+https://github.com/rust-lang/crates.io-index"
dependencies = [
 "log 0.3.6 (registry+https://github.com/rust-lang/crates.io-index)",
]

[[package]]
name = "httparse"
version = "1.2.0"
source = "registry+https://github.com/rust-lang/crates.io-index"

[[package]]
name = "hyper"
version = "0.9.12"
source = "registry+https://github.com/rust-lang/crates.io-index"
dependencies = [
 "cookie 0.2.5 (registry+https://github.com/rust-lang/crates.io-index)",
 "httparse 1.2.0 (registry+https://github.com/rust-lang/crates.io-index)",
 "language-tags 0.2.2 (registry+https://github.com/rust-lang/crates.io-index)",
 "log 0.3.6 (registry+https://github.com/rust-lang/crates.io-index)",
 "mime 0.2.2 (registry+https://github.com/rust-lang/crates.io-index)",
 "num_cpus 1.1.0 (registry+https://github.com/rust-lang/crates.io-index)",
 "rustc-serialize 0.3.21 (registry+https://github.com/rust-lang/crates.io-index)",
 "solicit 0.4.4 (registry+https://github.com/rust-lang/crates.io-index)",
 "time 0.1.35 (registry+https://github.com/rust-lang/crates.io-index)",
 "traitobject 0.0.1 (registry+https://github.com/rust-lang/crates.io-index)",
 "typeable 0.1.2 (registry+https://github.com/rust-lang/crates.io-index)",
 "unicase 1.4.0 (registry+https://github.com/rust-lang/crates.io-index)",
 "url 1.2.3 (registry+https://github.com/rust-lang/crates.io-index)",
]

[[package]]
name = "idna"
version = "0.1.0"
source = "registry+https://github.com/rust-lang/crates.io-index"
dependencies = [
 "matches 0.1.4 (registry+https://github.com/rust-lang/crates.io-index)",
 "unicode-bidi 0.2.3 (registry+https://github.com/rust-lang/crates.io-index)",
 "unicode-normalization 0.1.2 (registry+https://github.com/rust-lang/crates.io-index)",
]

[[package]]
name = "itertools"
version = "0.4.19"
source = "registry+https://github.com/rust-lang/crates.io-index"

[[package]]
name = "itoa"
version = "0.1.1"
source = "registry+https://github.com/rust-lang/crates.io-index"

[[package]]
name = "jsonrpc-core"
version = "4.0.0"
source = "registry+https://github.com/rust-lang/crates.io-index"
dependencies = [
 "log 0.3.6 (registry+https://github.com/rust-lang/crates.io-index)",
 "parking_lot 0.2.8 (registry+https://github.com/rust-lang/crates.io-index)",
 "serde 0.8.19 (registry+https://github.com/rust-lang/crates.io-index)",
 "serde_codegen 0.8.19 (registry+https://github.com/rust-lang/crates.io-index)",
 "serde_json 0.8.3 (registry+https://github.com/rust-lang/crates.io-index)",
]

[[package]]
name = "kernel32-sys"
version = "0.2.2"
source = "registry+https://github.com/rust-lang/crates.io-index"
dependencies = [
 "winapi 0.2.8 (registry+https://github.com/rust-lang/crates.io-index)",
 "winapi-build 0.1.1 (registry+https://github.com/rust-lang/crates.io-index)",
]

[[package]]
name = "language-tags"
version = "0.2.2"
source = "registry+https://github.com/rust-lang/crates.io-index"

[[package]]
name = "lazy_static"
version = "0.1.16"
source = "registry+https://github.com/rust-lang/crates.io-index"

[[package]]
name = "libc"
version = "0.2.17"
source = "registry+https://github.com/rust-lang/crates.io-index"

[[package]]
name = "log"
version = "0.3.6"
source = "registry+https://github.com/rust-lang/crates.io-index"

[[package]]
name = "matches"
version = "0.1.4"
source = "registry+https://github.com/rust-lang/crates.io-index"

[[package]]
name = "memchr"
version = "0.1.11"
source = "registry+https://github.com/rust-lang/crates.io-index"
dependencies = [
 "libc 0.2.17 (registry+https://github.com/rust-lang/crates.io-index)",
]

[[package]]
name = "mime"
version = "0.2.2"
source = "registry+https://github.com/rust-lang/crates.io-index"
dependencies = [
 "log 0.3.6 (registry+https://github.com/rust-lang/crates.io-index)",
]

[[package]]
name = "modifier"
version = "0.1.0"
source = "registry+https://github.com/rust-lang/crates.io-index"

[[package]]
name = "mustache"
version = "0.6.3"
source = "registry+https://github.com/rust-lang/crates.io-index"
dependencies = [
 "log 0.3.6 (registry+https://github.com/rust-lang/crates.io-index)",
 "rustc-serialize 0.3.21 (registry+https://github.com/rust-lang/crates.io-index)",
]

[[package]]
name = "nickel"
version = "0.9.0"
source = "registry+https://github.com/rust-lang/crates.io-index"
dependencies = [
 "groupable 0.2.0 (registry+https://github.com/rust-lang/crates.io-index)",
 "hyper 0.9.12 (registry+https://github.com/rust-lang/crates.io-index)",
 "lazy_static 0.1.16 (registry+https://github.com/rust-lang/crates.io-index)",
 "log 0.3.6 (registry+https://github.com/rust-lang/crates.io-index)",
 "modifier 0.1.0 (registry+https://github.com/rust-lang/crates.io-index)",
 "mustache 0.6.3 (registry+https://github.com/rust-lang/crates.io-index)",
 "plugin 0.2.6 (registry+https://github.com/rust-lang/crates.io-index)",
 "regex 0.1.80 (registry+https://github.com/rust-lang/crates.io-index)",
 "rustc-serialize 0.3.21 (registry+https://github.com/rust-lang/crates.io-index)",
 "time 0.1.35 (registry+https://github.com/rust-lang/crates.io-index)",
 "typemap 0.3.3 (registry+https://github.com/rust-lang/crates.io-index)",
 "url 1.2.3 (registry+https://github.com/rust-lang/crates.io-index)",
]

[[package]]
name = "num-traits"
version = "0.1.36"
source = "registry+https://github.com/rust-lang/crates.io-index"

[[package]]
name = "num_cpus"
version = "1.1.0"
source = "registry+https://github.com/rust-lang/crates.io-index"
dependencies = [
 "libc 0.2.17 (registry+https://github.com/rust-lang/crates.io-index)",
]

[[package]]
name = "parking_lot"
version = "0.2.8"
source = "registry+https://github.com/rust-lang/crates.io-index"
dependencies = [
 "kernel32-sys 0.2.2 (registry+https://github.com/rust-lang/crates.io-index)",
 "libc 0.2.17 (registry+https://github.com/rust-lang/crates.io-index)",
 "smallvec 0.1.8 (registry+https://github.com/rust-lang/crates.io-index)",
 "winapi 0.2.8 (registry+https://github.com/rust-lang/crates.io-index)",
]

[[package]]
name = "plugin"
version = "0.2.6"
source = "registry+https://github.com/rust-lang/crates.io-index"
dependencies = [
 "typemap 0.3.3 (registry+https://github.com/rust-lang/crates.io-index)",
]

[[package]]
name = "quote"
version = "0.3.9"
source = "registry+https://github.com/rust-lang/crates.io-index"

[[package]]
name = "regex"
version = "0.1.80"
source = "registry+https://github.com/rust-lang/crates.io-index"
dependencies = [
 "aho-corasick 0.5.3 (registry+https://github.com/rust-lang/crates.io-index)",
 "memchr 0.1.11 (registry+https://github.com/rust-lang/crates.io-index)",
 "regex-syntax 0.3.9 (registry+https://github.com/rust-lang/crates.io-index)",
 "thread_local 0.2.7 (registry+https://github.com/rust-lang/crates.io-index)",
 "utf8-ranges 0.1.3 (registry+https://github.com/rust-lang/crates.io-index)",
]

[[package]]
name = "regex-syntax"
version = "0.3.9"
source = "registry+https://github.com/rust-lang/crates.io-index"

[[package]]
name = "rustc-serialize"
version = "0.3.21"
source = "registry+https://github.com/rust-lang/crates.io-index"

[[package]]
name = "rustc_version"
version = "0.1.7"
source = "registry+https://github.com/rust-lang/crates.io-index"
dependencies = [
 "semver 0.1.20 (registry+https://github.com/rust-lang/crates.io-index)",
]

[[package]]
name = "semver"
version = "0.1.20"
source = "registry+https://github.com/rust-lang/crates.io-index"

[[package]]
name = "serde"
version = "0.8.19"
source = "registry+https://github.com/rust-lang/crates.io-index"

[[package]]
name = "serde_codegen"
version = "0.8.19"
source = "registry+https://github.com/rust-lang/crates.io-index"
dependencies = [
 "quote 0.3.9 (registry+https://github.com/rust-lang/crates.io-index)",
 "serde_codegen_internals 0.11.1 (registry+https://github.com/rust-lang/crates.io-index)",
 "syn 0.10.3 (registry+https://github.com/rust-lang/crates.io-index)",
 "syntex 0.50.0 (registry+https://github.com/rust-lang/crates.io-index)",
 "syntex_syntax 0.50.0 (registry+https://github.com/rust-lang/crates.io-index)",
]

[[package]]
name = "serde_codegen_internals"
version = "0.11.1"
source = "registry+https://github.com/rust-lang/crates.io-index"
dependencies = [
 "syn 0.10.3 (registry+https://github.com/rust-lang/crates.io-index)",
]

[[package]]
name = "serde_derive"
version = "0.8.19"
source = "registry+https://github.com/rust-lang/crates.io-index"
dependencies = [
 "serde_codegen 0.8.19 (registry+https://github.com/rust-lang/crates.io-index)",
]

[[package]]
name = "serde_json"
version = "0.8.3"
source = "registry+https://github.com/rust-lang/crates.io-index"
dependencies = [
 "dtoa 0.2.2 (registry+https://github.com/rust-lang/crates.io-index)",
 "itoa 0.1.1 (registry+https://github.com/rust-lang/crates.io-index)",
 "num-traits 0.1.36 (registry+https://github.com/rust-lang/crates.io-index)",
 "serde 0.8.19 (registry+https://github.com/rust-lang/crates.io-index)",
]

[[package]]
name = "smallvec"
version = "0.1.8"
source = "registry+https://github.com/rust-lang/crates.io-index"

[[package]]
name = "solicit"
version = "0.4.4"
source = "registry+https://github.com/rust-lang/crates.io-index"
dependencies = [
 "hpack 0.2.0 (registry+https://github.com/rust-lang/crates.io-index)",
 "log 0.3.6 (registry+https://github.com/rust-lang/crates.io-index)",
]

[[package]]
name = "strfmt"
version = "0.1.5"
source = "registry+https://github.com/rust-lang/crates.io-index"

[[package]]
name = "strsim"
version = "0.5.2"
source = "registry+https://github.com/rust-lang/crates.io-index"

[[package]]
name = "syn"
version = "0.10.3"
source = "registry+https://github.com/rust-lang/crates.io-index"
dependencies = [
 "quote 0.3.9 (registry+https://github.com/rust-lang/crates.io-index)",
 "unicode-xid 0.0.3 (registry+https://github.com/rust-lang/crates.io-index)",
]

[[package]]
name = "syntex"
version = "0.50.0"
source = "registry+https://github.com/rust-lang/crates.io-index"
dependencies = [
 "syntex_errors 0.50.0 (registry+https://github.com/rust-lang/crates.io-index)",
 "syntex_syntax 0.50.0 (registry+https://github.com/rust-lang/crates.io-index)",
]

[[package]]
name = "syntex_errors"
version = "0.50.0"
source = "registry+https://github.com/rust-lang/crates.io-index"
dependencies = [
 "libc 0.2.17 (registry+https://github.com/rust-lang/crates.io-index)",
 "log 0.3.6 (registry+https://github.com/rust-lang/crates.io-index)",
 "rustc-serialize 0.3.21 (registry+https://github.com/rust-lang/crates.io-index)",
 "syntex_pos 0.50.0 (registry+https://github.com/rust-lang/crates.io-index)",
 "term 0.4.4 (registry+https://github.com/rust-lang/crates.io-index)",
 "unicode-xid 0.0.3 (registry+https://github.com/rust-lang/crates.io-index)",
]

[[package]]
name = "syntex_pos"
version = "0.50.0"
source = "registry+https://github.com/rust-lang/crates.io-index"
dependencies = [
 "rustc-serialize 0.3.21 (registry+https://github.com/rust-lang/crates.io-index)",
]

[[package]]
name = "syntex_syntax"
version = "0.50.0"
source = "registry+https://github.com/rust-lang/crates.io-index"
dependencies = [
 "bitflags 0.7.0 (registry+https://github.com/rust-lang/crates.io-index)",
 "libc 0.2.17 (registry+https://github.com/rust-lang/crates.io-index)",
 "log 0.3.6 (registry+https://github.com/rust-lang/crates.io-index)",
 "rustc-serialize 0.3.21 (registry+https://github.com/rust-lang/crates.io-index)",
 "syntex_errors 0.50.0 (registry+https://github.com/rust-lang/crates.io-index)",
 "syntex_pos 0.50.0 (registry+https://github.com/rust-lang/crates.io-index)",
 "term 0.4.4 (registry+https://github.com/rust-lang/crates.io-index)",
 "unicode-xid 0.0.3 (registry+https://github.com/rust-lang/crates.io-index)",
]

[[package]]
name = "term"
version = "0.4.4"
source = "registry+https://github.com/rust-lang/crates.io-index"
dependencies = [
 "kernel32-sys 0.2.2 (registry+https://github.com/rust-lang/crates.io-index)",
 "winapi 0.2.8 (registry+https://github.com/rust-lang/crates.io-index)",
]

[[package]]
name = "thread-id"
version = "2.0.0"
source = "registry+https://github.com/rust-lang/crates.io-index"
dependencies = [
 "kernel32-sys 0.2.2 (registry+https://github.com/rust-lang/crates.io-index)",
 "libc 0.2.17 (registry+https://github.com/rust-lang/crates.io-index)",
]

[[package]]
name = "thread_local"
version = "0.2.7"
source = "registry+https://github.com/rust-lang/crates.io-index"
dependencies = [
 "thread-id 2.0.0 (registry+https://github.com/rust-lang/crates.io-index)",
]

[[package]]
name = "time"
version = "0.1.35"
source = "registry+https://github.com/rust-lang/crates.io-index"
dependencies = [
 "kernel32-sys 0.2.2 (registry+https://github.com/rust-lang/crates.io-index)",
 "libc 0.2.17 (registry+https://github.com/rust-lang/crates.io-index)",
 "winapi 0.2.8 (registry+https://github.com/rust-lang/crates.io-index)",
]

[[package]]
name = "toml"
version = "0.2.1"
source = "registry+https://github.com/rust-lang/crates.io-index"
dependencies = [
 "rustc-serialize 0.3.21 (registry+https://github.com/rust-lang/crates.io-index)",
]

[[package]]
name = "traitobject"
version = "0.0.1"
source = "registry+https://github.com/rust-lang/crates.io-index"

[[package]]
name = "traitobject"
version = "0.0.3"
source = "registry+https://github.com/rust-lang/crates.io-index"

[[package]]
name = "typeable"
version = "0.1.2"
source = "registry+https://github.com/rust-lang/crates.io-index"

[[package]]
name = "typemap"
version = "0.3.3"
source = "registry+https://github.com/rust-lang/crates.io-index"
dependencies = [
 "unsafe-any 0.4.1 (registry+https://github.com/rust-lang/crates.io-index)",
]

[[package]]
name = "unicase"
version = "1.4.0"
source = "registry+https://github.com/rust-lang/crates.io-index"
dependencies = [
 "rustc_version 0.1.7 (registry+https://github.com/rust-lang/crates.io-index)",
]

[[package]]
name = "unicode-bidi"
version = "0.2.3"
source = "registry+https://github.com/rust-lang/crates.io-index"
dependencies = [
 "matches 0.1.4 (registry+https://github.com/rust-lang/crates.io-index)",
]

[[package]]
name = "unicode-normalization"
version = "0.1.2"
source = "registry+https://github.com/rust-lang/crates.io-index"

[[package]]
name = "unicode-segmentation"
version = "0.1.2"
source = "registry+https://github.com/rust-lang/crates.io-index"

[[package]]
name = "unicode-width"
version = "0.1.3"
source = "registry+https://github.com/rust-lang/crates.io-index"

[[package]]
name = "unicode-xid"
version = "0.0.3"
source = "registry+https://github.com/rust-lang/crates.io-index"

[[package]]
name = "unsafe-any"
version = "0.4.1"
source = "registry+https://github.com/rust-lang/crates.io-index"
dependencies = [
 "traitobject 0.0.3 (registry+https://github.com/rust-lang/crates.io-index)",
]

[[package]]
name = "url"
version = "1.2.3"
source = "registry+https://github.com/rust-lang/crates.io-index"
dependencies = [
 "idna 0.1.0 (registry+https://github.com/rust-lang/crates.io-index)",
 "matches 0.1.4 (registry+https://github.com/rust-lang/crates.io-index)",
]

[[package]]
name = "utf8-ranges"
version = "0.1.3"
source = "registry+https://github.com/rust-lang/crates.io-index"

[[package]]
name = "vec_map"
version = "0.6.0"
source = "registry+https://github.com/rust-lang/crates.io-index"

[[package]]
name = "winapi"
version = "0.2.8"
source = "registry+https://github.com/rust-lang/crates.io-index"

[[package]]
name = "winapi-build"
version = "0.1.1"
source = "registry+https://github.com/rust-lang/crates.io-index"

[metadata]
"checksum aho-corasick 0.5.3 (registry+https://github.com/rust-lang/crates.io-index)" = "ca972c2ea5f742bfce5687b9aef75506a764f61d37f8f649047846a9686ddb66"
"checksum ansi_term 0.7.5 (registry+https://github.com/rust-lang/crates.io-index)" = "30275ad0ad84ec1c06dde3b3f7d23c6006b7d76d61a85e7060b426b747eff70d"
"checksum ansi_term 0.9.0 (registry+https://github.com/rust-lang/crates.io-index)" = "23ac7c30002a5accbf7e8987d0632fa6de155b7c3d39d0067317a391e00a2ef6"
"checksum bitflags 0.7.0 (registry+https://github.com/rust-lang/crates.io-index)" = "aad18937a628ec6abcd26d1489012cc0e18c21798210f491af69ded9b881106d"
"checksum clap 2.19.0 (registry+https://github.com/rust-lang/crates.io-index)" = "ef87e92396a3d29bf7e611c8a595be35ae90d9cb844a3571425900eaca4f51c8"
"checksum cookie 0.2.5 (registry+https://github.com/rust-lang/crates.io-index)" = "0e3d6405328b6edb412158b3b7710e2634e23f3614b9bb1c412df7952489a626"
"checksum dtoa 0.2.2 (registry+https://github.com/rust-lang/crates.io-index)" = "0dd841b58510c9618291ffa448da2e4e0f699d984d436122372f446dae62263d"
"checksum fern 0.3.5 (registry+https://github.com/rust-lang/crates.io-index)" = "4d2f58d053ad7791bfaad58a3f3541fe2d2aecc564dd82aee7f92fa402c054b2"
"checksum groupable 0.2.0 (registry+https://github.com/rust-lang/crates.io-index)" = "32619942b8be646939eaf3db0602b39f5229b74575b67efc897811ded1db4e57"
"checksum hpack 0.2.0 (registry+https://github.com/rust-lang/crates.io-index)" = "3d2da7d3a34cf6406d9d700111b8eafafe9a251de41ae71d8052748259343b58"
"checksum httparse 1.2.0 (registry+https://github.com/rust-lang/crates.io-index)" = "6a8abece705b1d32c478f49447b3a575cd07f6e362ff12518f2ee2c9b9ced64e"
"checksum hyper 0.9.12 (registry+https://github.com/rust-lang/crates.io-index)" = "d7da01615e9402761faab442396821b57ecb5adb12ac51958561411a82cfdf66"
"checksum idna 0.1.0 (registry+https://github.com/rust-lang/crates.io-index)" = "1053236e00ce4f668aeca4a769a09b3bf5a682d802abd6f3cb39374f6b162c11"
"checksum itertools 0.4.19 (registry+https://github.com/rust-lang/crates.io-index)" = "c4a9b56eb56058f43dc66e58f40a214b2ccbc9f3df51861b63d51dec7b65bc3f"
"checksum itoa 0.1.1 (registry+https://github.com/rust-lang/crates.io-index)" = "ae3088ea4baeceb0284ee9eea42f591226e6beaecf65373e41b38d95a1b8e7a1"
"checksum jsonrpc-core 4.0.0 (registry+https://github.com/rust-lang/crates.io-index)" = "d56a7152c0d41850535f9af2f5dded6829dac89546d1b8b9b8a4ff85b39680d1"
"checksum kernel32-sys 0.2.2 (registry+https://github.com/rust-lang/crates.io-index)" = "7507624b29483431c0ba2d82aece8ca6cdba9382bff4ddd0f7490560c056098d"
"checksum language-tags 0.2.2 (registry+https://github.com/rust-lang/crates.io-index)" = "a91d884b6667cd606bb5a69aa0c99ba811a115fc68915e7056ec08a46e93199a"
"checksum lazy_static 0.1.16 (registry+https://github.com/rust-lang/crates.io-index)" = "cf186d1a8aa5f5bee5fd662bc9c1b949e0259e1bcc379d1f006847b0080c7417"
"checksum libc 0.2.17 (registry+https://github.com/rust-lang/crates.io-index)" = "044d1360593a78f5c8e5e710beccdc24ab71d1f01bc19a29bcacdba22e8475d8"
"checksum log 0.3.6 (registry+https://github.com/rust-lang/crates.io-index)" = "ab83497bf8bf4ed2a74259c1c802351fcd67a65baa86394b6ba73c36f4838054"
"checksum matches 0.1.4 (registry+https://github.com/rust-lang/crates.io-index)" = "efd7622e3022e1a6eaa602c4cea8912254e5582c9c692e9167714182244801b1"
"checksum memchr 0.1.11 (registry+https://github.com/rust-lang/crates.io-index)" = "d8b629fb514376c675b98c1421e80b151d3817ac42d7c667717d282761418d20"
"checksum mime 0.2.2 (registry+https://github.com/rust-lang/crates.io-index)" = "b5c93a4bd787ddc6e7833c519b73a50883deb5863d76d9b71eb8216fb7f94e66"
"checksum modifier 0.1.0 (registry+https://github.com/rust-lang/crates.io-index)" = "41f5c9112cb662acd3b204077e0de5bc66305fa8df65c8019d5adb10e9ab6e58"
"checksum mustache 0.6.3 (registry+https://github.com/rust-lang/crates.io-index)" = "f2fac05c29a9b1fe86c828ec974d6f027679576711a246711c476e548bf7d741"
"checksum nickel 0.9.0 (registry+https://github.com/rust-lang/crates.io-index)" = "14bdda46396b6447ae5f22b74296cb517d5c4659f31e3cfb5351bdd8e129791d"
"checksum num-traits 0.1.36 (registry+https://github.com/rust-lang/crates.io-index)" = "a16a42856a256b39c6d3484f097f6713e14feacd9bfb02290917904fae46c81c"
"checksum num_cpus 1.1.0 (registry+https://github.com/rust-lang/crates.io-index)" = "8890e6084723d57d0df8d2720b0d60c6ee67d6c93e7169630e4371e88765dcad"
"checksum parking_lot 0.2.8 (registry+https://github.com/rust-lang/crates.io-index)" = "968f685642555d2f7e202c48b8b11de80569e9bfea817f7f12d7c61aac62d4e6"
"checksum plugin 0.2.6 (registry+https://github.com/rust-lang/crates.io-index)" = "1a6a0dc3910bc8db877ffed8e457763b317cf880df4ae19109b9f77d277cf6e0"
"checksum quote 0.3.9 (registry+https://github.com/rust-lang/crates.io-index)" = "558126f84c2489e31ed39ec149d7d834cdff9c048fd721d77912a51304dc3077"
"checksum regex 0.1.80 (registry+https://github.com/rust-lang/crates.io-index)" = "4fd4ace6a8cf7860714a2c2280d6c1f7e6a413486c13298bbc86fd3da019402f"
"checksum regex-syntax 0.3.9 (registry+https://github.com/rust-lang/crates.io-index)" = "f9ec002c35e86791825ed294b50008eea9ddfc8def4420124fbc6b08db834957"
"checksum rustc-serialize 0.3.21 (registry+https://github.com/rust-lang/crates.io-index)" = "bff9fc1c79f2dec76b253273d07682e94a978bd8f132ded071188122b2af9818"
"checksum rustc_version 0.1.7 (registry+https://github.com/rust-lang/crates.io-index)" = "c5f5376ea5e30ce23c03eb77cbe4962b988deead10910c372b226388b594c084"
"checksum semver 0.1.20 (registry+https://github.com/rust-lang/crates.io-index)" = "d4f410fedcf71af0345d7607d246e7ad15faaadd49d240ee3b24e5dc21a820ac"
"checksum serde 0.8.19 (registry+https://github.com/rust-lang/crates.io-index)" = "58a19c0871c298847e6b68318484685cd51fa5478c0c905095647540031356e5"
"checksum serde_codegen 0.8.19 (registry+https://github.com/rust-lang/crates.io-index)" = "ce29a6ae259579707650ec292199b5fed2c0b8e2a4bdc994452d24d1bcf2242a"
"checksum serde_codegen_internals 0.11.1 (registry+https://github.com/rust-lang/crates.io-index)" = "59933a62554548c690d2673c5164f0c4a46be7c5731edfd94b0ecb1048940732"
"checksum serde_derive 0.8.19 (registry+https://github.com/rust-lang/crates.io-index)" = "a4b541549c4207d3602c9abcc3e31252e91751674264eb85c103bb20197054b4"
"checksum serde_json 0.8.3 (registry+https://github.com/rust-lang/crates.io-index)" = "1cb6b19e74d9f65b9d03343730b643d729a446b29376785cd65efdff4675e2fc"
"checksum smallvec 0.1.8 (registry+https://github.com/rust-lang/crates.io-index)" = "fcc8d19212aacecf95e4a7a2179b26f7aeb9732a915cf01f05b0d3e044865410"
"checksum solicit 0.4.4 (registry+https://github.com/rust-lang/crates.io-index)" = "172382bac9424588d7840732b250faeeef88942e37b6e35317dce98cafdd75b2"
"checksum strfmt 0.1.5 (registry+https://github.com/rust-lang/crates.io-index)" = "c6ca97d0705fce080739a3ba7170279e4c87900817a0219ed8cbb7b6db7db220"
"checksum strsim 0.5.2 (registry+https://github.com/rust-lang/crates.io-index)" = "67f84c44fbb2f91db7fef94554e6b2ac05909c9c0b0bc23bb98d3a1aebfe7f7c"
"checksum syn 0.10.3 (registry+https://github.com/rust-lang/crates.io-index)" = "94e7d81ecd16d39f16193af05b8d5a0111b9d8d2f3f78f31760f327a247da777"
"checksum syntex 0.50.0 (registry+https://github.com/rust-lang/crates.io-index)" = "3bd253b0d7d787723a33384d426f0ebec7f8edccfaeb2022d0177162bb134da0"
"checksum syntex_errors 0.50.0 (registry+https://github.com/rust-lang/crates.io-index)" = "84822a1178204a191239ad844599f8c85c128cf9f4173397def4eb46b55b0aa1"
"checksum syntex_pos 0.50.0 (registry+https://github.com/rust-lang/crates.io-index)" = "a43abded5057c75bac8555e46ec913ce502efb418267b1ab8e9783897470c7db"
"checksum syntex_syntax 0.50.0 (registry+https://github.com/rust-lang/crates.io-index)" = "6ef781e4b60f03431f1b5b59843546ce60ae029a787770cf8e0969ac1fd063a5"
"checksum term 0.4.4 (registry+https://github.com/rust-lang/crates.io-index)" = "3deff8a2b3b6607d6d7cc32ac25c0b33709453ca9cceac006caac51e963cf94a"
"checksum thread-id 2.0.0 (registry+https://github.com/rust-lang/crates.io-index)" = "a9539db560102d1cef46b8b78ce737ff0bb64e7e18d35b2a5688f7d097d0ff03"
"checksum thread_local 0.2.7 (registry+https://github.com/rust-lang/crates.io-index)" = "8576dbbfcaef9641452d5cf0df9b0e7eeab7694956dd33bb61515fb8f18cfdd5"
"checksum time 0.1.35 (registry+https://github.com/rust-lang/crates.io-index)" = "3c7ec6d62a20df54e07ab3b78b9a3932972f4b7981de295563686849eb3989af"
"checksum toml 0.2.1 (registry+https://github.com/rust-lang/crates.io-index)" = "736b60249cb25337bc196faa43ee12c705e426f3d55c214d73a4e7be06f92cb4"
"checksum traitobject 0.0.1 (registry+https://github.com/rust-lang/crates.io-index)" = "07eaeb7689bb7fca7ce15628319635758eda769fed481ecfe6686ddef2600616"
"checksum traitobject 0.0.3 (registry+https://github.com/rust-lang/crates.io-index)" = "9dc23794ff47c95882da6f9d15de9a6be14987760a28cc0aafb40b7675ef09d8"
"checksum typeable 0.1.2 (registry+https://github.com/rust-lang/crates.io-index)" = "1410f6f91f21d1612654e7cc69193b0334f909dcf2c790c4826254fbb86f8887"
"checksum typemap 0.3.3 (registry+https://github.com/rust-lang/crates.io-index)" = "653be63c80a3296da5551e1bfd2cca35227e13cdd08c6668903ae2f4f77aa1f6"
"checksum unicase 1.4.0 (registry+https://github.com/rust-lang/crates.io-index)" = "13a5906ca2b98c799f4b1ab4557b76367ebd6ae5ef14930ec841c74aed5f3764"
"checksum unicode-bidi 0.2.3 (registry+https://github.com/rust-lang/crates.io-index)" = "c1f7ceb96afdfeedee42bade65a0d585a6a0106f681b6749c8ff4daa8df30b3f"
"checksum unicode-normalization 0.1.2 (registry+https://github.com/rust-lang/crates.io-index)" = "26643a2f83bac55f1976fb716c10234485f9202dcd65cfbdf9da49867b271172"
"checksum unicode-segmentation 0.1.2 (registry+https://github.com/rust-lang/crates.io-index)" = "b905d0fc2a1f0befd86b0e72e31d1787944efef9d38b9358a9e92a69757f7e3b"
"checksum unicode-width 0.1.3 (registry+https://github.com/rust-lang/crates.io-index)" = "2d6722facc10989f63ee0e20a83cd4e1714a9ae11529403ac7e0afd069abc39e"
"checksum unicode-xid 0.0.3 (registry+https://github.com/rust-lang/crates.io-index)" = "36dff09cafb4ec7c8cf0023eb0b686cb6ce65499116a12201c9e11840ca01beb"
"checksum unsafe-any 0.4.1 (registry+https://github.com/rust-lang/crates.io-index)" = "b351086021ebc264aea3ab4f94d61d889d98e5e9ec2d985d993f50133537fd3a"
"checksum url 1.2.3 (registry+https://github.com/rust-lang/crates.io-index)" = "48ccf7bd87a81b769cf84ad556e034541fb90e1cd6d4bc375c822ed9500cd9d7"
"checksum utf8-ranges 0.1.3 (registry+https://github.com/rust-lang/crates.io-index)" = "a1ca13c08c41c9c3e04224ed9ff80461d97e121589ff27c753a16cb10830ae0f"
"checksum vec_map 0.6.0 (registry+https://github.com/rust-lang/crates.io-index)" = "cac5efe5cb0fa14ec2f84f83c701c562ee63f6dcc680861b21d65c682adfb05f"
"checksum winapi 0.2.8 (registry+https://github.com/rust-lang/crates.io-index)" = "167dc9d6949a9b857f3451275e911c3f44255842c1f7a76f33c55103a909087a"
"checksum winapi-build 0.1.1 (registry+https://github.com/rust-lang/crates.io-index)" = "2d315eee3b34aca4797b2da6b13ed88266e6d612562a0c46390af8299fc699bc"
